
Microsoft Visual Studio Solution File, Format Version 12.00
# Visual Studio Version 16
VisualStudioVersion = 16.0.30413.136
MinimumVisualStudioVersion = 10.0.40219.1
Project("{9A19103F-16F7-4668-BE54-9A1E7A4F7556}") = "MessagingService", "MessagingService\MessagingService.csproj", "{66CDF636-96C1-41AA-8376-7762483065C8}"
EndProject
Project("{9A19103F-16F7-4668-BE54-9A1E7A4F7556}") = "MessagingServiceTests", "MessagingServiceTests\MessagingServiceTests.csproj", "{89C8CA9D-0E09-4D79-AE93-21913D3BFC00}"
EndProject
Global
	GlobalSection(SolutionConfigurationPlatforms) = preSolution
		Debug|Any CPU = Debug|Any CPU
		Release|Any CPU = Release|Any CPU
	EndGlobalSection
	GlobalSection(ProjectConfigurationPlatforms) = postSolution
		{66CDF636-96C1-41AA-8376-7762483065C8}.Debug|Any CPU.ActiveCfg = Debug|Any CPU
		{66CDF636-96C1-41AA-8376-7762483065C8}.Debug|Any CPU.Build.0 = Debug|Any CPU
		{66CDF636-96C1-41AA-8376-7762483065C8}.Release|Any CPU.ActiveCfg = Release|Any CPU
		{66CDF636-96C1-41AA-8376-7762483065C8}.Release|Any CPU.Build.0 = Release|Any CPU
		{89C8CA9D-0E09-4D79-AE93-21913D3BFC00}.Debug|Any CPU.ActiveCfg = Debug|Any CPU
		{89C8CA9D-0E09-4D79-AE93-21913D3BFC00}.Debug|Any CPU.Build.0 = Debug|Any CPU
		{89C8CA9D-0E09-4D79-AE93-21913D3BFC00}.Release|Any CPU.ActiveCfg = Release|Any CPU
		{89C8CA9D-0E09-4D79-AE93-21913D3BFC00}.Release|Any CPU.Build.0 = Release|Any CPU
	EndGlobalSection
	GlobalSection(SolutionProperties) = preSolution
		HideSolutionNode = FALSE
	EndGlobalSection
	GlobalSection(ExtensibilityGlobals) = postSolution
		SolutionGuid = {C5C22FF2-188B-4A1B-AC85-B2ED821A2CB0}
	EndGlobalSection
EndGlobal
